{
  "nodes": {
    "nixpkgs": {
      "locked": {
        "lastModified": 1688545724,
        "narHash": "sha256-w0g7zXmNdookELKwt0rPnqztanSQycQptb7yCOpLIHk=",
        "owner": "NixOS",
        "repo": "nixpkgs",
        "rev": "9336e11d5ea8d55e7c486fbcc3686d2ddb3e576b",
        "type": "github"
      },
      "original": {
        "owner": "NixOS",
        "repo": "nixpkgs",
        "type": "github"
      }
    },
    "root": {
      "inputs": {
        "nixpkgs": "nixpkgs"
      }
    }
  },
  "root": "root",
  "version": 7
}
